// !$*UTF8*$!
{
	archiveVersion = 1;
	classes = {
	};
	objectVersion = 50;
	objects = {

/* Begin PBXBuildFile section */
		06CE37AD26EE170100F6E203 /* main.cpp in Sources */ = {isa = PBXBuildFile; fileRef = 06CE37AC26EE170100F6E203 /* main.cpp */; };
/* End PBXBuildFile section */

/* Begin PBXCopyFilesBuildPhase section */
		06CE37A726EE170100F6E203 /* CopyFiles */ = {
			isa = PBXCopyFilesBuildPhase;
			buildActionMask = 2147483647;
			dstPath = /usr/share/man/man1/;
			dstSubfolderSpec = 0;
			files = (
			);
			runOnlyForDeploymentPostprocessing = 1;
		};
/* End PBXCopyFilesBuildPhase section */

/* Begin PBXFileReference section */
		06CE37A926EE170100F6E203 /* FFmpegSrc */ = {isa = PBXFileReference; explicitFileType = "compiled.mach-o.executable"; includeInIndex = 0; path = FFmpegSrc; sourceTree = BUILT_PRODUCTS_DIR; };
		06CE37AC26EE170100F6E203 /* main.cpp */ = {isa = PBXFileReference; lastKnownFileType = sourcecode.cpp.cpp; path = main.cpp; sourceTree = "<group>"; };
		06CE4D6826EE17B800F6E203 /* compat */ = {isa = PBXFileReference; lastKnownFileType = folder; name = compat; path = ../../ffmpeg/compat; sourceTree = "<group>"; };
		06CE4D6926EE17B800F6E203 /* libswresample */ = {isa = PBXFileReference; lastKnownFileType = folder; name = libswresample; path = ../../ffmpeg/libswresample; sourceTree = "<group>"; };
		06CE4D6A26EE17B800F6E203 /* presets */ = {isa = PBXFileReference; lastKnownFileType = folder; name = presets; path = ../../ffmpeg/presets; sourceTree = "<group>"; };
		06CE4D6B26EE17B800F6E203 /* ffbuild */ = {isa = PBXFileReference; lastKnownFileType = folder; name = ffbuild; path = ../../ffmpeg/ffbuild; sourceTree = "<group>"; };
		06CE4D6C26EE17B800F6E203 /* libswscale */ = {isa = PBXFileReference; lastKnownFileType = folder; name = libswscale; path = ../../ffmpeg/libswscale; sourceTree = "<group>"; };
		06CE4D6D26EE17B800F6E203 /* tests */ = {isa = PBXFileReference; lastKnownFileType = folder; name = tests; path = ../../ffmpeg/tests; sourceTree = "<group>"; };
		06CE4D6E26EE17B800F6E203 /* libavformat */ = {isa = PBXFileReference; lastKnownFileType = folder; name = libavformat; path = ../../ffmpeg/libavformat; sourceTree = "<group>"; };
		06CE4D6F26EE17B800F6E203 /* libavutil */ = {isa = PBXFileReference; lastKnownFileType = folder; name = libavutil; path = ../../ffmpeg/libavutil; sourceTree = "<group>"; };
		06CE4D7026EE17B900F6E203 /* tools */ = {isa = PBXFileReference; lastKnownFileType = folder; name = tools; path = ../../ffmpeg/tools; sourceTree = "<group>"; };
		06CE4D7126EE17B900F6E203 /* fftools */ = {isa = PBXFileReference; lastKnownFileType = folder; name = fftools; path = ../../ffmpeg/fftools; sourceTree = "<group>"; };
		06CE4D7226EE17BB00F6E203 /* libpostproc */ = {isa = PBXFileReference; lastKnownFileType = folder; name = libpostproc; path = ../../ffmpeg/libpostproc; sourceTree = "<group>"; };
		06CE4D7326EE17BB00F6E203 /* libavcodec */ = {isa = PBXFileReference; lastKnownFileType = folder; name = libavcodec; path = ../../ffmpeg/libavcodec; sourceTree = "<group>"; };
		06CE4D7426EE17BB00F6E203 /* libavdevice */ = {isa = PBXFileReference; lastKnownFileType = folder; name = libavdevice; path = ../../ffmpeg/libavdevice; sourceTree = "<group>"; };
		06CE4D7526EE17BC00F6E203 /* doc */ = {isa = PBXFileReference; lastKnownFileType = folder; name = doc; path = ../../ffmpeg/doc; sourceTree = "<group>"; };
		06CE4D7626EE17BC00F6E203 /* libavfilter */ = {isa = PBXFileReference; lastKnownFileType = folder; name = libavfilter; path = ../../ffmpeg/libavfilter; sourceTree = "<group>"; };
/* End PBXFileReference section */

/* Begin PBXFrameworksBuildPhase section */
		06CE37A626EE170100F6E203 /* Frameworks */ = {
			isa = PBXFrameworksBuildPhase;
			buildActionMask = 2147483647;
			files = (
			);
			runOnlyForDeploymentPostprocessing = 0;
		};
/* End PBXFrameworksBuildPhase section */

/* Begin PBXGroup section */
		06CE37A026EE170100F6E203 = {
			isa = PBXGroup;
			children = (
				06CE37AB26EE170100F6E203 /* FFmpegSrc */,
				06CE37AA26EE170100F6E203 /* Products */,
			);
			sourceTree = "<group>";
		};
		06CE37AA26EE170100F6E203 /* Products */ = {
			isa = PBXGroup;
			children = (
				06CE37A926EE170100F6E203 /* FFmpegSrc */,
			);
			name = Products;
			sourceTree = "<group>";
		};
		06CE37AB26EE170100F6E203 /* FFmpegSrc */ = {
			isa = PBXGroup;
			children = (
				06CE4D6826EE17B800F6E203 /* compat */,
				06CE4D7526EE17BC00F6E203 /* doc */,
				06CE4D6B26EE17B800F6E203 /* ffbuild */,
				06CE4D7126EE17B900F6E203 /* fftools */,
				06CE4D7326EE17BB00F6E203 /* libavcodec */,
				06CE4D7426EE17BB00F6E203 /* libavdevice */,
				06CE4D7626EE17BC00F6E203 /* libavfilter */,
				06CE4D6E26EE17B800F6E203 /* libavformat */,
				06CE4D6F26EE17B800F6E203 /* libavutil */,
				06CE4D7226EE17BB00F6E203 /* libpostproc */,
				06CE4D6926EE17B800F6E203 /* libswresample */,
				06CE4D6C26EE17B800F6E203 /* libswscale */,
				06CE4D6A26EE17B800F6E203 /* presets */,
				06CE4D6D26EE17B800F6E203 /* tests */,
				06CE4D7026EE17B900F6E203 /* tools */,
				06CE37AC26EE170100F6E203 /* main.cpp */,
			);
			path = FFmpegSrc;
			sourceTree = "<group>";
		};
/* End PBXGroup section */

/* Begin PBXNativeTarget section */
		06CE37A826EE170100F6E203 /* FFmpegSrc */ = {
			isa = PBXNativeTarget;
			buildConfigurationList = 06CE37B026EE170100F6E203 /* Build configuration list for PBXNativeTarget "FFmpegSrc" */;
			buildPhases = (
				06CE37A526EE170100F6E203 /* Sources */,
				06CE37A626EE170100F6E203 /* Frameworks */,
				06CE37A726EE170100F6E203 /* CopyFiles */,
			);
			buildRules = (
			);
			dependencies = (
			);
			name = FFmpegSrc;
			productName = FFmpegSrc;
			productReference = 06CE37A926EE170100F6E203 /* FFmpegSrc */;
			productType = "com.apple.product-type.tool";
		};
/* End PBXNativeTarget section */

/* Begin PBXProject section */
		06CE37A126EE170100F6E203 /* Project object */ = {
			isa = PBXProject;
			attributes = {
				LastUpgradeCheck = 1250;
				TargetAttributes = {
					06CE37A826EE170100F6E203 = {
						CreatedOnToolsVersion = 12.5.1;
					};
				};
			};
			buildConfigurationList = 06CE37A426EE170100F6E203 /* Build configuration list for PBXProject "FFmpegSrc" */;
			compatibilityVersion = "Xcode 9.3";
			developmentRegion = en;
			hasScannedForEncodings = 0;
			knownRegions = (
				en,
				Base,
			);
			mainGroup = 06CE37A026EE170100F6E203;
			productRefGroup = 06CE37AA26EE170100F6E203 /* Products */;
			projectDirPath = "";
			projectRoot = "";
			targets = (
				06CE37A826EE170100F6E203 /* FFmpegSrc */,
			);
		};
/* End PBXProject section */

/* Begin PBXSourcesBuildPhase section */
		06CE37A526EE170100F6E203 /* Sources */ = {
			isa = PBXSourcesBuildPhase;
			buildActionMask = 2147483647;
			files = (
				06CE37AD26EE170100F6E203 /* main.cpp in Sources */,
			);
			runOnlyForDeploymentPostprocessing = 0;
		};
/* End PBXSourcesBuildPhase section */

/* Begin XCBuildConfiguration section */
		06CE37AE26EE170100F6E203 /* Debug */ = {
			isa = XCBuildConfiguration;
			buildSettings = {
				ALWAYS_SEARCH_USER_PATHS = NO;
				CLANG_ANALYZER_NONNULL = YES;
				CLANG_ANALYZER_NUMBER_OBJECT_CONVERSION = YES_AGGRESSIVE;
				CLANG_CXX_LANGUAGE_STANDARD = "gnu++14";
				CLANG_CXX_LIBRARY = "libc++";
				CLANG_ENABLE_MODULES = YES;
				CLANG_ENABLE_OBJC_ARC = YES;
				CLANG_ENABLE_OBJC_WEAK = YES;
				CLANG_WARN_BLOCK_CAPTURE_AUTORELEASING = YES;
				CLANG_WARN_BOOL_CONVERSION = YES;
				CLANG_WARN_COMMA = YES;
				CLANG_WARN_CONSTANT_CONVERSION = YES;
				CLANG_WARN_DEPRECATED_OBJC_IMPLEMENTATIONS = YES;
				CLANG_WARN_DIRECT_OBJC_ISA_USAGE = YES_ERROR;
				CLANG_WARN_DOCUMENTATION_COMMENTS = YES;
				CLANG_WARN_EMPTY_BODY = YES;
				CLANG_WARN_ENUM_CONVERSION = YES;
				CLANG_WARN_INFINITE_RECURSION = YES;
				CLANG_WARN_INT_CONVERSION = YES;
				CLANG_WARN_NON_LITERAL_NULL_CONVERSION = YES;
				CLANG_WARN_OBJC_IMPLICIT_RETAIN_SELF = YES;
				CLANG_WARN_OBJC_LITERAL_CONVERSION = YES;
				CLANG_WARN_OBJC_ROOT_CLASS = YES_ERROR;
				CLANG_WARN_QUOTED_INCLUDE_IN_FRAMEWORK_HEADER = YES;
				CLANG_WARN_RANGE_LOOP_ANALYSIS = YES;
				CLANG_WARN_STRICT_PROTOTYPES = YES;
				CLANG_WARN_SUSPICIOUS_MOVE = YES;
				CLANG_WARN_UNGUARDED_AVAILABILITY = YES_AGGRESSIVE;
				CLANG_WARN_UNREACHABLE_CODE = YES;
				CLANG_WARN__DUPLICATE_METHOD_MATCH = YES;
				COPY_PHASE_STRIP = NO;
				DEBUG_INFORMATION_FORMAT = dwarf;
				ENABLE_STRICT_OBJC_MSGSEND = YES;
				ENABLE_TESTABILITY = YES;
				GCC_C_LANGUAGE_STANDARD = gnu11;
				GCC_DYNAMIC_NO_PIC = NO;
				GCC_NO_COMMON_BLOCKS = YES;
				GCC_OPTIMIZATION_LEVEL = 0;
				GCC_PREPROCESSOR_DEFINITIONS = (
					"DEBUG=1",
					"$(inherited)",
				);
				GCC_WARN_64_TO_32_BIT_CONVERSION = YES;
				GCC_WARN_ABOUT_RETURN_TYPE = YES_ERROR;
				GCC_WARN_UNDECLARED_SELECTOR = YES;
				GCC_WARN_UNINITIALIZED_AUTOS = YES_AGGRESSIVE;
				GCC_WARN_UNUSED_FUNCTION = YES;
				GCC_WARN_UNUSED_VARIABLE = YES;
				MACOSX_DEPLOYMENT_TARGET = 11.3;
				MTL_ENABLE_DEBUG_INFO = INCLUDE_SOURCE;
				MTL_FAST_MATH = YES;
				ONLY_ACTIVE_ARCH = YES;
				SDKROOT = macosx;
			};
			name = Debug;
		};
		06CE37AF26EE170100F6E203 /* Release */ = {
			isa = XCBuildConfiguration;
			buildSettings = {
				ALWAYS_SEARCH_USER_PATHS = NO;
				CLANG_ANALYZER_NONNULL = YES;
				CLANG_ANALYZER_NUMBER_OBJECT_CONVERSION = YES_AGGRESSIVE;
				CLANG_CXX_LANGUAGE_STANDARD = "gnu++14";
				CLANG_CXX_LIBRARY = "libc++";
				CLANG_ENABLE_MODULES = YES;
				CLANG_ENABLE_OBJC_ARC = YES;
				CLANG_ENABLE_OBJC_WEAK = YES;
				CLANG_WARN_BLOCK_CAPTURE_AUTORELEASING = YES;
				CLANG_WARN_BOOL_CONVERSION = YES;
				CLANG_WARN_COMMA = YES;
				CLANG_WARN_CONSTANT_CONVERSION = YES;
				CLANG_WARN_DEPRECATED_OBJC_IMPLEMENTATIONS = YES;
				CLANG_WARN_DIRECT_OBJC_ISA_USAGE = YES_ERROR;
				CLANG_WARN_DOCUMENTATION_COMMENTS = YES;
				CLANG_WARN_EMPTY_BODY = YES;
				CLANG_WARN_ENUM_CONVERSION = YES;
				CLANG_WARN_INFINITE_RECURSION = YES;
				CLANG_WARN_INT_CONVERSION = YES;
				CLANG_WARN_NON_LITERAL_NULL_CONVERSION = YES;
				CLANG_WARN_OBJC_IMPLICIT_RETAIN_SELF = YES;
				CLANG_WARN_OBJC_LITERAL_CONVERSION = YES;
				CLANG_WARN_OBJC_ROOT_CLASS = YES_ERROR;
				CLANG_WARN_QUOTED_INCLUDE_IN_FRAMEWORK_HEADER = YES;
				CLANG_WARN_RANGE_LOOP_ANALYSIS = YES;
				CLANG_WARN_STRICT_PROTOTYPES = YES;
				CLANG_WARN_SUSPICIOUS_MOVE = YES;
				CLANG_WARN_UNGUARDED_AVAILABILITY = YES_AGGRESSIVE;
				CLANG_WARN_UNREACHABLE_CODE = YES;
				CLANG_WARN__DUPLICATE_METHOD_MATCH = YES;
				COPY_PHASE_STRIP = NO;
				DEBUG_INFORMATION_FORMAT = "dwarf-with-dsym";
				ENABLE_NS_ASSERTIONS = NO;
				ENABLE_STRICT_OBJC_MSGSEND = YES;
				GCC_C_LANGUAGE_STANDARD = gnu11;
				GCC_NO_COMMON_BLOCKS = YES;
				GCC_WARN_64_TO_32_BIT_CONVERSION = YES;
				GCC_WARN_ABOUT_RETURN_TYPE = YES_ERROR;
				GCC_WARN_UNDECLARED_SELECTOR = YES;
				GCC_WARN_UNINITIALIZED_AUTOS = YES_AGGRESSIVE;
				GCC_WARN_UNUSED_FUNCTION = YES;
				GCC_WARN_UNUSED_VARIABLE = YES;
				MACOSX_DEPLOYMENT_TARGET = 11.3;
				MTL_ENABLE_DEBUG_INFO = NO;
				MTL_FAST_MATH = YES;
				SDKROOT = macosx;
			};
			name = Release;
		};
		06CE37B126EE170100F6E203 /* Debug */ = {
			isa = XCBuildConfiguration;
			buildSettings = {
				CODE_SIGN_STYLE = Automatic;
				DEVELOPMENT_TEAM = Q5A8RFL8W7;
				ENABLE_HARDENED_RUNTIME = YES;
				PRODUCT_NAME = "$(TARGET_NAME)";
			};
			name = Debug;
		};
		06CE37B226EE170100F6E203 /* Release */ = {
			isa = XCBuildConfiguration;
			buildSettings = {
				CODE_SIGN_STYLE = Automatic;
				DEVELOPMENT_TEAM = Q5A8RFL8W7;
				ENABLE_HARDENED_RUNTIME = YES;
				PRODUCT_NAME = "$(TARGET_NAME)";
			};
			name = Release;
		};
/* End XCBuildConfiguration section */

/* Begin XCConfigurationList section */
		06CE37A426EE170100F6E203 /* Build configuration list for PBXProject "FFmpegSrc" */ = {
			isa = XCConfigurationList;
			buildConfigurations = (
				06CE37AE26EE170100F6E203 /* Debug */,
				06CE37AF26EE170100F6E203 /* Release */,
			);
			defaultConfigurationIsVisible = 0;
			defaultConfigurationName = Release;
		};
		06CE37B026EE170100F6E203 /* Build configuration list for PBXNativeTarget "FFmpegSrc" */ = {
			isa = XCConfigurationList;
			buildConfigurations = (
				06CE37B126EE170100F6E203 /* Debug */,
				06CE37B226EE170100F6E203 /* Release */,
			);
			defaultConfigurationIsVisible = 0;
			defaultConfigurationName = Release;
		};
/* End XCConfigurationList section */
	};
	rootObject = 06CE37A126EE170100F6E203 /* Project object */;
}
