// !$*UTF8*$!
{
	archiveVersion = 1;
	classes = {
	};
	objectVersion = 50;
	objects = {

/* Begin PBXFileReference section */
		06CE3A2326EE171C00F6E203 /* reverse.h */ = {isa = PBXFileReference; lastKnownFileType = sourcecode.c.h; path = reverse.h; sourceTree = "<group>"; };
		06CE3A2426EE171C00F6E203 /* hwcontext.h */ = {isa = PBXFileReference; lastKnownFileType = sourcecode.c.h; path = hwcontext.h; sourceTree = "<group>"; };
		06CE3A2526EE171C00F6E203 /* time.h */ = {isa = PBXFileReference; lastKnownFileType = sourcecode.c.h; path = time.h; sourceTree = "<group>"; };
		06CE3A2626EE171C00F6E203 /* dict.c */ = {isa = PBXFileReference; lastKnownFileType = sourcecode.c.c; path = dict.c; sourceTree = "<group>"; };
		06CE3A2726EE171C00F6E203 /* hwcontext_cuda.h */ = {isa = PBXFileReference; lastKnownFileType = sourcecode.c.h; path = hwcontext_cuda.h; sourceTree = "<group>"; };
		06CE3A2826EE171C00F6E203 /* intfloat.h */ = {isa = PBXFileReference; lastKnownFileType = sourcecode.c.h; path = intfloat.h; sourceTree = "<group>"; };
		06CE3A2926EE171C00F6E203 /* aes.c */ = {isa = PBXFileReference; lastKnownFileType = sourcecode.c.c; path = aes.c; sourceTree = "<group>"; };
		06CE3A2A26EE171C00F6E203 /* mastering_display_metadata.c */ = {isa = PBXFileReference; lastKnownFileType = sourcecode.c.c; path = mastering_display_metadata.c; sourceTree = "<group>"; };
		06CE3A2B26EE171C00F6E203 /* log.c */ = {isa = PBXFileReference; lastKnownFileType = sourcecode.c.c; path = log.c; sourceTree = "<group>"; };
		06CE3A2C26EE171C00F6E203 /* opt.c */ = {isa = PBXFileReference; lastKnownFileType = sourcecode.c.c; path = opt.c; sourceTree = "<group>"; };
		06CE3A2D26EE171C00F6E203 /* error.h */ = {isa = PBXFileReference; lastKnownFileType = sourcecode.c.h; path = error.h; sourceTree = "<group>"; };
		06CE3A2E26EE171C00F6E203 /* random_seed.c */ = {isa = PBXFileReference; lastKnownFileType = sourcecode.c.c; path = random_seed.c; sourceTree = "<group>"; };
		06CE3A2F26EE171C00F6E203 /* pixelutils.c */ = {isa = PBXFileReference; lastKnownFileType = sourcecode.c.c; path = pixelutils.c; sourceTree = "<group>"; };
		06CE3A3026EE171C00F6E203 /* hwcontext_drm.c */ = {isa = PBXFileReference; lastKnownFileType = sourcecode.c.c; path = hwcontext_drm.c; sourceTree = "<group>"; };
		06CE3A3126EE171C00F6E203 /* avutilres.rc */ = {isa = PBXFileReference; lastKnownFileType = text; path = avutilres.rc; sourceTree = "<group>"; };
		06CE3A3226EE171C00F6E203 /* eval.c */ = {isa = PBXFileReference; lastKnownFileType = sourcecode.c.c; path = eval.c; sourceTree = "<group>"; };
		06CE3A3326EE171C00F6E203 /* hmac.c */ = {isa = PBXFileReference; lastKnownFileType = sourcecode.c.c; path = hmac.c; sourceTree = "<group>"; };
		06CE3A3426EE171C00F6E203 /* detection_bbox.h */ = {isa = PBXFileReference; lastKnownFileType = sourcecode.c.h; path = detection_bbox.h; sourceTree = "<group>"; };
		06CE3A3526EE171C00F6E203 /* color_utils.h */ = {isa = PBXFileReference; lastKnownFileType = sourcecode.c.h; path = color_utils.h; sourceTree = "<group>"; };
		06CE3A3626EE171C00F6E203 /* macos_kperf.h */ = {isa = PBXFileReference; lastKnownFileType = sourcecode.c.h; path = macos_kperf.h; sourceTree = "<group>"; };
		06CE3A3726EE171C00F6E203 /* fifo.h */ = {isa = PBXFileReference; lastKnownFileType = sourcecode.c.h; path = fifo.h; sourceTree = "<group>"; };
		06CE3A3826EE171C00F6E203 /* hwcontext_dxva2.c */ = {isa = PBXFileReference; lastKnownFileType = sourcecode.c.c; path = hwcontext_dxva2.c; sourceTree = "<group>"; };
		06CE3A3926EE171C00F6E203 /* camellia.c */ = {isa = PBXFileReference; lastKnownFileType = sourcecode.c.c; path = camellia.c; sourceTree = "<group>"; };
		06CE3A3A26EE171C00F6E203 /* blowfish.h */ = {isa = PBXFileReference; lastKnownFileType = sourcecode.c.h; path = blowfish.h; sourceTree = "<group>"; };
		06CE3A3B26EE171C00F6E203 /* hwcontext_mediacodec.h */ = {isa = PBXFileReference; lastKnownFileType = sourcecode.c.h; path = hwcontext_mediacodec.h; sourceTree = "<group>"; };
		06CE3A3C26EE171C00F6E203 /* buffer.c */ = {isa = PBXFileReference; lastKnownFileType = sourcecode.c.c; path = buffer.c; sourceTree = "<group>"; };
		06CE3A3D26EE171C00F6E203 /* display.c */ = {isa = PBXFileReference; lastKnownFileType = sourcecode.c.c; path = display.c; sourceTree = "<group>"; };
		06CE3A3E26EE171C00F6E203 /* avr32 */ = {isa = PBXFileReference; lastKnownFileType = folder; path = avr32; sourceTree = "<group>"; };
		06CE3A3F26EE171C00F6E203 /* replaygain.h */ = {isa = PBXFileReference; lastKnownFileType = sourcecode.c.h; path = replaygain.h; sourceTree = "<group>"; };
		06CE3A4026EE171C00F6E203 /* internal.h */ = {isa = PBXFileReference; lastKnownFileType = sourcecode.c.h; path = internal.h; sourceTree = "<group>"; };
		06CE3A4126EE171C00F6E203 /* tablegen.h */ = {isa = PBXFileReference; lastKnownFileType = sourcecode.c.h; path = tablegen.h; sourceTree = "<group>"; };
		06CE3A4226EE171C00F6E203 /* fixed_dsp.h */ = {isa = PBXFileReference; lastKnownFileType = sourcecode.c.h; path = fixed_dsp.h; sourceTree = "<group>"; };
		06CE3A4326EE171C00F6E203 /* file_open.c */ = {isa = PBXFileReference; lastKnownFileType = sourcecode.c.c; path = file_open.c; sourceTree = "<group>"; };
		06CE3A4426EE171C00F6E203 /* sh4 */ = {isa = PBXFileReference; lastKnownFileType = folder; path = sh4; sourceTree = "<group>"; };
		06CE3A4526EE171C00F6E203 /* version.h */ = {isa = PBXFileReference; lastKnownFileType = sourcecode.c.h; path = version.h; sourceTree = "<group>"; };
		06CE3A4626EE171C00F6E203 /* murmur3.h */ = {isa = PBXFileReference; lastKnownFileType = sourcecode.c.h; path = murmur3.h; sourceTree = "<group>"; };
		06CE3A4726EE171C00F6E203 /* imgutils.c */ = {isa = PBXFileReference; lastKnownFileType = sourcecode.c.c; path = imgutils.c; sourceTree = "<group>"; };
		06CE3A4826EE171C00F6E203 /* slicethread.h */ = {isa = PBXFileReference; lastKnownFileType = sourcecode.c.h; path = slicethread.h; sourceTree = "<group>"; };
		06CE3A4926EE171C00F6E203 /* stereo3d.h */ = {isa = PBXFileReference; lastKnownFileType = sourcecode.c.h; path = stereo3d.h; sourceTree = "<group>"; };
		06CE3A4A26EE171C00F6E203 /* buffer_internal.h */ = {isa = PBXFileReference; lastKnownFileType = sourcecode.c.h; path = buffer_internal.h; sourceTree = "<group>"; };
		06CE3A4B26EE171C00F6E203 /* samplefmt.h */ = {isa = PBXFileReference; lastKnownFileType = sourcecode.c.h; path = samplefmt.h; sourceTree = "<group>"; };
		06CE3A4C26EE171C00F6E203 /* twofish.c */ = {isa = PBXFileReference; lastKnownFileType = sourcecode.c.c; path = twofish.c; sourceTree = "<group>"; };
		06CE3A4D26EE171C00F6E203 /* hwcontext_internal.h */ = {isa = PBXFileReference; lastKnownFileType = sourcecode.c.h; path = hwcontext_internal.h; sourceTree = "<group>"; };
		06CE3A4E26EE171C00F6E203 /* pixdesc.h */ = {isa = PBXFileReference; lastKnownFileType = sourcecode.c.h; path = pixdesc.h; sourceTree = "<group>"; };
		06CE3A4F26EE171C00F6E203 /* xga_font_data.h */ = {isa = PBXFileReference; lastKnownFileType = sourcecode.c.h; path = xga_font_data.h; sourceTree = "<group>"; };
		06CE3A5026EE171C00F6E203 /* cpu.c */ = {isa = PBXFileReference; lastKnownFileType = sourcecode.c.c; path = cpu.c; sourceTree = "<group>"; };
		06CE3A5126EE171C00F6E203 /* base64.h */ = {isa = PBXFileReference; lastKnownFileType = sourcecode.c.h; path = base64.h; sourceTree = "<group>"; };
		06CE3A5226EE171C00F6E203 /* tea.c */ = {isa = PBXFileReference; lastKnownFileType = sourcecode.c.c; path = tea.c; sourceTree = "<group>"; };
		06CE3A5326EE171C00F6E203 /* rational.h */ = {isa = PBXFileReference; lastKnownFileType = sourcecode.c.h; path = rational.h; sourceTree = "<group>"; };
		06CE3A5426EE171C00F6E203 /* sha.h */ = {isa = PBXFileReference; lastKnownFileType = sourcecode.c.h; path = sha.h; sourceTree = "<group>"; };
		06CE3A5526EE171C00F6E203 /* rc4.c */ = {isa = PBXFileReference; lastKnownFileType = sourcecode.c.c; path = rc4.c; sourceTree = "<group>"; };
		06CE3A5626EE171C00F6E203 /* motion_vector.h */ = {isa = PBXFileReference; lastKnownFileType = sourcecode.c.h; path = motion_vector.h; sourceTree = "<group>"; };
		06CE3A5726EE171C00F6E203 /* encryption_info.c */ = {isa = PBXFileReference; lastKnownFileType = sourcecode.c.c; path = encryption_info.c; sourceTree = "<group>"; };
		06CE3A5826EE171C00F6E203 /* channel_layout.c */ = {isa = PBXFileReference; lastKnownFileType = sourcecode.c.c; path = channel_layout.c; sourceTree = "<group>"; };
		06CE3A5926EE171C00F6E203 /* des.c */ = {isa = PBXFileReference; lastKnownFileType = sourcecode.c.c; path = des.c; sourceTree = "<group>"; };
		06CE3A5A26EE171C00F6E203 /* lzo.c */ = {isa = PBXFileReference; lastKnownFileType = sourcecode.c.c; path = lzo.c; sourceTree = "<group>"; };
		06CE3A5B26EE171C00F6E203 /* lfg.h */ = {isa = PBXFileReference; lastKnownFileType = sourcecode.c.h; path = lfg.h; sourceTree = "<group>"; };
		06CE3A5C26EE171C00F6E203 /* avutil.h */ = {isa = PBXFileReference; lastKnownFileType = sourcecode.c.h; path = avutil.h; sourceTree = "<group>"; };
		06CE3A5D26EE171C00F6E203 /* hwcontext_qsv.c */ = {isa = PBXFileReference; lastKnownFileType = sourcecode.c.c; path = hwcontext_qsv.c; sourceTree = "<group>"; };
		06CE3A5E26EE171C00F6E203 /* hwcontext_vulkan.h */ = {isa = PBXFileReference; lastKnownFileType = sourcecode.c.h; path = hwcontext_vulkan.h; sourceTree = "<group>"; };
		06CE3A5F26EE171C00F6E203 /* intmath.h */ = {isa = PBXFileReference; lastKnownFileType = sourcecode.c.h; path = intmath.h; sourceTree = "<group>"; };
		06CE3A6026EE171C00F6E203 /* tx_template.c */ = {isa = PBXFileReference; lastKnownFileType = sourcecode.c.c; path = tx_template.c; sourceTree = "<group>"; };
		06CE3A6126EE171C00F6E203 /* Makefile */ = {isa = PBXFileReference; lastKnownFileType = sourcecode.make; path = Makefile; sourceTree = "<group>"; };
		06CE3A6226EE171C00F6E203 /* xtea.h */ = {isa = PBXFileReference; lastKnownFileType = sourcecode.c.h; path = xtea.h; sourceTree = "<group>"; };
		06CE3A6326EE171C00F6E203 /* parseutils.c */ = {isa = PBXFileReference; lastKnownFileType = sourcecode.c.c; path = parseutils.c; sourceTree = "<group>"; };
		06CE3A6426EE171C00F6E203 /* mem.c */ = {isa = PBXFileReference; lastKnownFileType = sourcecode.c.c; path = mem.c; sourceTree = "<group>"; };
		06CE3A6526EE171C00F6E203 /* hwcontext_cuda_internal.h */ = {isa = PBXFileReference; lastKnownFileType = sourcecode.c.h; path = hwcontext_cuda_internal.h; sourceTree = "<group>"; };
		06CE3A6626EE171C00F6E203 /* log2_tab.c */ = {isa = PBXFileReference; lastKnownFileType = sourcecode.c.c; path = log2_tab.c; sourceTree = "<group>"; };
		06CE3A6726EE171C00F6E203 /* hdr_dynamic_metadata.c */ = {isa = PBXFileReference; lastKnownFileType = sourcecode.c.c; path = hdr_dynamic_metadata.c; sourceTree = "<group>"; };
		06CE3A6826EE171C00F6E203 /* bprint.c */ = {isa = PBXFileReference; lastKnownFileType = sourcecode.c.c; path = bprint.c; sourceTree = "<group>"; };
		06CE3A6926EE171C00F6E203 /* crc.h */ = {isa = PBXFileReference; lastKnownFileType = sourcecode.c.h; path = crc.h; sourceTree = "<group>"; };
		06CE3A6A26EE171C00F6E203 /* hwcontext_vdpau.h */ = {isa = PBXFileReference; lastKnownFileType = sourcecode.c.h; path = hwcontext_vdpau.h; sourceTree = "<group>"; };
		06CE3A6B26EE171C00F6E203 /* ripemd.c */ = {isa = PBXFileReference; lastKnownFileType = sourcecode.c.c; path = ripemd.c; sourceTree = "<group>"; };
		06CE3A6C26EE171C00F6E203 /* float_dsp.h */ = {isa = PBXFileReference; lastKnownFileType = sourcecode.c.h; path = float_dsp.h; sourceTree = "<group>"; };
		06CE3A6D26EE171C00F6E203 /* frame.h */ = {isa = PBXFileReference; lastKnownFileType = sourcecode.c.h; path = frame.h; sourceTree = "<group>"; };
		06CE3A6E26EE171C00F6E203 /* tx_int32.c */ = {isa = PBXFileReference; lastKnownFileType = sourcecode.c.c; path = tx_int32.c; sourceTree = "<group>"; };
		06CE3A6F26EE171C00F6E203 /* file.h */ = {isa = PBXFileReference; lastKnownFileType = sourcecode.c.h; path = file.h; sourceTree = "<group>"; };
		06CE3A7026EE171C00F6E203 /* md5.h */ = {isa = PBXFileReference; lastKnownFileType = sourcecode.c.h; path = md5.h; sourceTree = "<group>"; };
		06CE3A7126EE171C00F6E203 /* ppc */ = {isa = PBXFileReference; lastKnownFileType = folder; path = ppc; sourceTree = "<group>"; };
		06CE3A7226EE171C00F6E203 /* video_enc_params.c */ = {isa = PBXFileReference; lastKnownFileType = sourcecode.c.c; path = video_enc_params.c; sourceTree = "<group>"; };
		06CE3A7326EE171C00F6E203 /* hwcontext_videotoolbox.c */ = {isa = PBXFileReference; lastKnownFileType = sourcecode.c.c; path = hwcontext_videotoolbox.c; sourceTree = "<group>"; };
		06CE3A7426EE171C00F6E203 /* cast5.h */ = {isa = PBXFileReference; lastKnownFileType = sourcecode.c.h; path = cast5.h; sourceTree = "<group>"; };
		06CE3A7526EE171C00F6E203 /* pca.h */ = {isa = PBXFileReference; lastKnownFileType = sourcecode.c.h; path = pca.h; sourceTree = "<group>"; };
		06CE3A7626EE171C00F6E203 /* hwcontext_vaapi.h */ = {isa = PBXFileReference; lastKnownFileType = sourcecode.c.h; path = hwcontext_vaapi.h; sourceTree = "<group>"; };
		06CE3A7726EE171C00F6E203 /* spherical.h */ = {isa = PBXFileReference; lastKnownFileType = sourcecode.c.h; path = spherical.h; sourceTree = "<group>"; };
		06CE3A7826EE171C00F6E203 /* lls.c */ = {isa = PBXFileReference; lastKnownFileType = sourcecode.c.c; path = lls.c; sourceTree = "<group>"; };
		06CE3A7926EE171C00F6E203 /* tests */ = {isa = PBXFileReference; lastKnownFileType = folder; path = tests; sourceTree = "<group>"; };
		06CE3A7A26EE171C00F6E203 /* hwcontext_opencl.h */ = {isa = PBXFileReference; lastKnownFileType = sourcecode.c.h; path = hwcontext_opencl.h; sourceTree = "<group>"; };
		06CE3A7B26EE171C00F6E203 /* audio_fifo.h */ = {isa = PBXFileReference; lastKnownFileType = sourcecode.c.h; path = audio_fifo.h; sourceTree = "<group>"; };
		06CE3A7C26EE171C00F6E203 /* tx_double.c */ = {isa = PBXFileReference; lastKnownFileType = sourcecode.c.c; path = tx_double.c; sourceTree = "<group>"; };
		06CE3A7D26EE171C00F6E203 /* tree.h */ = {isa = PBXFileReference; lastKnownFileType = sourcecode.c.h; path = tree.h; sourceTree = "<group>"; };
		06CE3A7E26EE171C00F6E203 /* softfloat_ieee754.h */ = {isa = PBXFileReference; lastKnownFileType = sourcecode.c.h; path = softfloat_ieee754.h; sourceTree = "<group>"; };
		06CE3A7F26EE171C00F6E203 /* threadmessage.h */ = {isa = PBXFileReference; lastKnownFileType = sourcecode.c.h; path = threadmessage.h; sourceTree = "<group>"; };
		06CE3A8026EE171C00F6E203 /* film_grain_params.c */ = {isa = PBXFileReference; lastKnownFileType = sourcecode.c.c; path = film_grain_params.c; sourceTree = "<group>"; };
		06CE3A8126EE171C00F6E203 /* attributes.h */ = {isa = PBXFileReference; lastKnownFileType = sourcecode.c.h; path = attributes.h; sourceTree = "<group>"; };
		06CE3A8226EE171C00F6E203 /* avstring.c */ = {isa = PBXFileReference; lastKnownFileType = sourcecode.c.c; path = avstring.c; sourceTree = "<group>"; };
		06CE3A8326EE171C00F6E203 /* adler32.h */ = {isa = PBXFileReference; lastKnownFileType = sourcecode.c.h; path = adler32.h; sourceTree = "<group>"; };
		06CE3A8426EE171C00F6E203 /* cuda_check.h */ = {isa = PBXFileReference; lastKnownFileType = sourcecode.c.h; path = cuda_check.h; sourceTree = "<group>"; };
		06CE3A8526EE171C00F6E203 /* hwcontext_d3d11va.h */ = {isa = PBXFileReference; lastKnownFileType = sourcecode.c.h; path = hwcontext_d3d11va.h; sourceTree = "<group>"; };
		06CE3A8626EE171C00F6E203 /* timecode.h */ = {isa = PBXFileReference; lastKnownFileType = sourcecode.c.h; path = timecode.h; sourceTree = "<group>"; };
		06CE3A8726EE171C00F6E203 /* dovi_meta.h */ = {isa = PBXFileReference; lastKnownFileType = sourcecode.c.h; path = dovi_meta.h; sourceTree = "<group>"; };
		06CE3A8826EE171C00F6E203 /* mathematics.c */ = {isa = PBXFileReference; lastKnownFileType = sourcecode.c.c; path = mathematics.c; sourceTree = "<group>"; };
		06CE3A8926EE171C00F6E203 /* hash.c */ = {isa = PBXFileReference; lastKnownFileType = sourcecode.c.c; path = hash.c; sourceTree = "<group>"; };
		06CE3A8A26EE171C00F6E203 /* downmix_info.c */ = {isa = PBXFileReference; lastKnownFileType = sourcecode.c.c; path = downmix_info.c; sourceTree = "<group>"; };
		06CE3A8B26EE171C00F6E203 /* aes_ctr.c */ = {isa = PBXFileReference; lastKnownFileType = sourcecode.c.c; path = aes_ctr.c; sourceTree = "<group>"; };
		06CE3A8C26EE171C00F6E203 /* softfloat_tables.h */ = {isa = PBXFileReference; lastKnownFileType = sourcecode.c.h; path = softfloat_tables.h; sourceTree = "<group>"; };
		06CE3A8D26EE171C00F6E203 /* integer.c */ = {isa = PBXFileReference; lastKnownFileType = sourcecode.c.c; path = integer.c; sourceTree = "<group>"; };
		06CE3A8E26EE171C00F6E203 /* tx.h */ = {isa = PBXFileReference; lastKnownFileType = sourcecode.c.h; path = tx.h; sourceTree = "<group>"; };
		06CE3A8F26EE171C00F6E203 /* ffmath.h */ = {isa = PBXFileReference; lastKnownFileType = sourcecode.c.h; path = ffmath.h; sourceTree = "<group>"; };
		06CE3A9026EE171C00F6E203 /* sha512.h */ = {isa = PBXFileReference; lastKnownFileType = sourcecode.c.h; path = sha512.h; sourceTree = "<group>"; };
		06CE3A9126EE171C00F6E203 /* avsscanf.c */ = {isa = PBXFileReference; lastKnownFileType = sourcecode.c.c; path = avsscanf.c; sourceTree = "<group>"; };
		06CE3A9226EE171C00F6E203 /* fixed_dsp.c */ = {isa = PBXFileReference; lastKnownFileType = sourcecode.c.c; path = fixed_dsp.c; sourceTree = "<group>"; };
		06CE3A9326EE171C00F6E203 /* timer.h */ = {isa = PBXFileReference; lastKnownFileType = sourcecode.c.h; path = timer.h; sourceTree = "<group>"; };
		06CE3A9426EE171C00F6E203 /* hwcontext_dxva2.h */ = {isa = PBXFileReference; lastKnownFileType = sourcecode.c.h; path = hwcontext_dxva2.h; sourceTree = "<group>"; };
		06CE3A9526EE171C00F6E203 /* mips */ = {isa = PBXFileReference; lastKnownFileType = folder; path = mips; sourceTree = "<group>"; };
		06CE3A9626EE171C00F6E203 /* fifo.c */ = {isa = PBXFileReference; lastKnownFileType = sourcecode.c.c; path = fifo.c; sourceTree = "<group>"; };
		06CE3A9726EE171C00F6E203 /* time_internal.h */ = {isa = PBXFileReference; lastKnownFileType = sourcecode.c.h; path = time_internal.h; sourceTree = "<group>"; };
		06CE3A9826EE171C00F6E203 /* macos_kperf.c */ = {isa = PBXFileReference; lastKnownFileType = sourcecode.c.c; path = macos_kperf.c; sourceTree = "<group>"; };
		06CE3A9926EE171C00F6E203 /* color_utils.c */ = {isa = PBXFileReference; lastKnownFileType = sourcecode.c.c; path = color_utils.c; sourceTree = "<group>"; };
		06CE3A9A26EE171C00F6E203 /* tomi */ = {isa = PBXFileReference; lastKnownFileType = folder; path = tomi; sourceTree = "<group>"; };
		06CE3A9B26EE171C00F6E203 /* display.h */ = {isa = PBXFileReference; lastKnownFileType = sourcecode.c.h; path = display.h; sourceTree = "<group>"; };
		06CE3A9C26EE171C00F6E203 /* buffer.h */ = {isa = PBXFileReference; lastKnownFileType = sourcecode.c.h; path = buffer.h; sourceTree = "<group>"; };
		06CE3A9D26EE171C00F6E203 /* hwcontext_mediacodec.c */ = {isa = PBXFileReference; lastKnownFileType = sourcecode.c.c; path = hwcontext_mediacodec.c; sourceTree = "<group>"; };
		06CE3A9E26EE171C00F6E203 /* blowfish.c */ = {isa = PBXFileReference; lastKnownFileType = sourcecode.c.c; path = blowfish.c; sourceTree = "<group>"; };
		06CE3A9F26EE171C00F6E203 /* camellia.h */ = {isa = PBXFileReference; lastKnownFileType = sourcecode.c.h; path = camellia.h; sourceTree = "<group>"; };
		06CE3AA026EE171C00F6E203 /* thread.h */ = {isa = PBXFileReference; lastKnownFileType = sourcecode.c.h; path = thread.h; sourceTree = "<group>"; };
		06CE3AA126EE171C00F6E203 /* pixelutils.h */ = {isa = PBXFileReference; lastKnownFileType = sourcecode.c.h; path = pixelutils.h; sourceTree = "<group>"; };
		06CE3AA226EE171C00F6E203 /* hwcontext_drm.h */ = {isa = PBXFileReference; lastKnownFileType = sourcecode.c.h; path = hwcontext_drm.h; sourceTree = "<group>"; };
		06CE3AA326EE171C00F6E203 /* utils.c */ = {isa = PBXFileReference; lastKnownFileType = sourcecode.c.c; path = utils.c; sourceTree = "<group>"; };
		06CE3AA426EE171C00F6E203 /* detection_bbox.c */ = {isa = PBXFileReference; lastKnownFileType = sourcecode.c.c; path = detection_bbox.c; sourceTree = "<group>"; };
		06CE3AA526EE171C00F6E203 /* common.h */ = {isa = PBXFileReference; lastKnownFileType = sourcecode.c.h; path = common.h; sourceTree = "<group>"; };
		06CE3AA626EE171C00F6E203 /* hmac.h */ = {isa = PBXFileReference; lastKnownFileType = sourcecode.c.h; path = hmac.h; sourceTree = "<group>"; };
		06CE3AA726EE171C00F6E203 /* eval.h */ = {isa = PBXFileReference; lastKnownFileType = sourcecode.c.h; path = eval.h; sourceTree = "<group>"; };
		06CE3AA826EE171C00F6E203 /* hwcontext_cuda.c */ = {isa = PBXFileReference; lastKnownFileType = sourcecode.c.c; path = hwcontext_cuda.c; sourceTree = "<group>"; };
		06CE3AA926EE171C00F6E203 /* dict.h */ = {isa = PBXFileReference; lastKnownFileType = sourcecode.c.h; path = dict.h; sourceTree = "<group>"; };
		06CE3AAA26EE171C00F6E203 /* time.c */ = {isa = PBXFileReference; lastKnownFileType = sourcecode.c.c; path = time.c; sourceTree = "<group>"; };
		06CE3AAB26EE171C00F6E203 /* hwcontext.c */ = {isa = PBXFileReference; lastKnownFileType = sourcecode.c.c; path = hwcontext.c; sourceTree = "<group>"; };
		06CE3AAC26EE171C00F6E203 /* reverse.c */ = {isa = PBXFileReference; lastKnownFileType = sourcecode.c.c; path = reverse.c; sourceTree = "<group>"; };
		06CE3AAD26EE171C00F6E203 /* random_seed.h */ = {isa = PBXFileReference; lastKnownFileType = sourcecode.c.h; path = random_seed.h; sourceTree = "<group>"; };
		06CE3AAE26EE171C00F6E203 /* error.c */ = {isa = PBXFileReference; lastKnownFileType = sourcecode.c.c; path = error.c; sourceTree = "<group>"; };
		06CE3AAF26EE171C00F6E203 /* opt.h */ = {isa = PBXFileReference; lastKnownFileType = sourcecode.c.h; path = opt.h; sourceTree = "<group>"; };
		06CE3AB026EE171C00F6E203 /* mastering_display_metadata.h */ = {isa = PBXFileReference; lastKnownFileType = sourcecode.c.h; path = mastering_display_metadata.h; sourceTree = "<group>"; };
		06CE3AB126EE171C00F6E203 /* log.h */ = {isa = PBXFileReference; lastKnownFileType = sourcecode.c.h; path = log.h; sourceTree = "<group>"; };
		06CE3AB226EE171C00F6E203 /* aes.h */ = {isa = PBXFileReference; lastKnownFileType = sourcecode.c.h; path = aes.h; sourceTree = "<group>"; };
		06CE3AB326EE171C00F6E203 /* macros.h */ = {isa = PBXFileReference; lastKnownFileType = sourcecode.c.h; path = macros.h; sourceTree = "<group>"; };
		06CE3AB426EE171C00F6E203 /* bswap.h */ = {isa = PBXFileReference; lastKnownFileType = sourcecode.c.h; path = bswap.h; sourceTree = "<group>"; };
		06CE3AB526EE171C00F6E203 /* lfg.c */ = {isa = PBXFileReference; lastKnownFileType = sourcecode.c.c; path = lfg.c; sourceTree = "<group>"; };
		06CE3AB626EE171C00F6E203 /* x86 */ = {isa = PBXFileReference; lastKnownFileType = folder; path = x86; sourceTree = "<group>"; };
		06CE3AB726EE171C00F6E203 /* rc4.h */ = {isa = PBXFileReference; lastKnownFileType = sourcecode.c.h; path = rc4.h; sourceTree = "<group>"; };
		06CE3AB826EE171C00F6E203 /* sha.c */ = {isa = PBXFileReference; lastKnownFileType = sourcecode.c.c; path = sha.c; sourceTree = "<group>"; };
		06CE3AB926EE171C00F6E203 /* rational.c */ = {isa = PBXFileReference; lastKnownFileType = sourcecode.c.c; path = rational.c; sourceTree = "<group>"; };
		06CE3ABA26EE171C00F6E203 /* tea.h */ = {isa = PBXFileReference; lastKnownFileType = sourcecode.c.h; path = tea.h; sourceTree = "<group>"; };
		06CE3ABB26EE171C00F6E203 /* dynarray.h */ = {isa = PBXFileReference; lastKnownFileType = sourcecode.c.h; path = dynarray.h; sourceTree = "<group>"; };
		06CE3ABC26EE171C00F6E203 /* cpu.h */ = {isa = PBXFileReference; lastKnownFileType = sourcecode.c.h; path = cpu.h; sourceTree = "<group>"; };
		06CE3ABD26EE171C00F6E203 /* base64.c */ = {isa = PBXFileReference; lastKnownFileType = sourcecode.c.c; path = base64.c; sourceTree = "<group>"; };
		06CE3ABE26EE171C00F6E203 /* lzo.h */ = {isa = PBXFileReference; lastKnownFileType = sourcecode.c.h; path = lzo.h; sourceTree = "<group>"; };
		06CE3ABF26EE171C00F6E203 /* des.h */ = {isa = PBXFileReference; lastKnownFileType = sourcecode.c.h; path = des.h; sourceTree = "<group>"; };
		06CE3AC026EE171C00F6E203 /* channel_layout.h */ = {isa = PBXFileReference; lastKnownFileType = sourcecode.c.h; path = channel_layout.h; sourceTree = "<group>"; };
		06CE3AC126EE171C00F6E203 /* encryption_info.h */ = {isa = PBXFileReference; lastKnownFileType = sourcecode.c.h; path = encryption_info.h; sourceTree = "<group>"; };
		06CE3AC226EE171C00F6E203 /* twofish.h */ = {isa = PBXFileReference; lastKnownFileType = sourcecode.c.h; path = twofish.h; sourceTree = "<group>"; };
		06CE3AC326EE171C00F6E203 /* mem_internal.h */ = {isa = PBXFileReference; lastKnownFileType = sourcecode.c.h; path = mem_internal.h; sourceTree = "<group>"; };
		06CE3AC426EE171C00F6E203 /* samplefmt.c */ = {isa = PBXFileReference; lastKnownFileType = sourcecode.c.c; path = samplefmt.c; sourceTree = "<group>"; };
		06CE3AC526EE171C00F6E203 /* imgutils_internal.h */ = {isa = PBXFileReference; lastKnownFileType = sourcecode.c.h; path = imgutils_internal.h; sourceTree = "<group>"; };
		06CE3AC626EE171C00F6E203 /* xga_font_data.c */ = {isa = PBXFileReference; lastKnownFileType = sourcecode.c.c; path = xga_font_data.c; sourceTree = "<group>"; };
		06CE3AC726EE171C00F6E203 /* pixdesc.c */ = {isa = PBXFileReference; lastKnownFileType = sourcecode.c.c; path = pixdesc.c; sourceTree = "<group>"; };
		06CE3AC826EE171C00F6E203 /* cpu_internal.h */ = {isa = PBXFileReference; lastKnownFileType = sourcecode.c.h; path = cpu_internal.h; sourceTree = "<group>"; };
		06CE3AC926EE171C00F6E203 /* murmur3.c */ = {isa = PBXFileReference; lastKnownFileType = sourcecode.c.c; path = murmur3.c; sourceTree = "<group>"; };
		06CE3ACA26EE171C00F6E203 /* stereo3d.c */ = {isa = PBXFileReference; lastKnownFileType = sourcecode.c.c; path = stereo3d.c; sourceTree = "<group>"; };
		06CE3ACB26EE171C00F6E203 /* imgutils.h */ = {isa = PBXFileReference; lastKnownFileType = sourcecode.c.h; path = imgutils.h; sourceTree = "<group>"; };
		06CE3ACC26EE171C00F6E203 /* slicethread.c */ = {isa = PBXFileReference; lastKnownFileType = sourcecode.c.c; path = slicethread.c; sourceTree = "<group>"; };
		06CE3ACD26EE171C00F6E203 /* colorspace.h */ = {isa = PBXFileReference; lastKnownFileType = sourcecode.c.h; path = colorspace.h; sourceTree = "<group>"; };
		06CE3ACE26EE171C00F6E203 /* spherical.c */ = {isa = PBXFileReference; lastKnownFileType = sourcecode.c.c; path = spherical.c; sourceTree = "<group>"; };
		06CE3ACF26EE171C00F6E203 /* lls.h */ = {isa = PBXFileReference; lastKnownFileType = sourcecode.c.h; path = lls.h; sourceTree = "<group>"; };
		06CE3AD026EE171C00F6E203 /* md5.c */ = {isa = PBXFileReference; lastKnownFileType = sourcecode.c.c; path = md5.c; sourceTree = "<group>"; };
		06CE3AD126EE171C00F6E203 /* file.c */ = {isa = PBXFileReference; lastKnownFileType = sourcecode.c.c; path = file.c; sourceTree = "<group>"; };
		06CE3AD226EE171C00F6E203 /* frame.c */ = {isa = PBXFileReference; lastKnownFileType = sourcecode.c.c; path = frame.c; sourceTree = "<group>"; };
		06CE3AD326EE171C00F6E203 /* hwcontext_vaapi.c */ = {isa = PBXFileReference; lastKnownFileType = sourcecode.c.c; path = hwcontext_vaapi.c; sourceTree = "<group>"; };
		06CE3AD426EE171C00F6E203 /* pca.c */ = {isa = PBXFileReference; lastKnownFileType = sourcecode.c.c; path = pca.c; sourceTree = "<group>"; };
		06CE3AD526EE171C00F6E203 /* cast5.c */ = {isa = PBXFileReference; lastKnownFileType = sourcecode.c.c; path = cast5.c; sourceTree = "<group>"; };
		06CE3AD626EE171C00F6E203 /* hwcontext_videotoolbox.h */ = {isa = PBXFileReference; lastKnownFileType = sourcecode.c.h; path = hwcontext_videotoolbox.h; sourceTree = "<group>"; };
		06CE3AD726EE171C00F6E203 /* video_enc_params.h */ = {isa = PBXFileReference; lastKnownFileType = sourcecode.c.h; path = video_enc_params.h; sourceTree = "<group>"; };
		06CE3AD826EE171C00F6E203 /* libm.h */ = {isa = PBXFileReference; lastKnownFileType = sourcecode.c.h; path = libm.h; sourceTree = "<group>"; };
		06CE3AD926EE171C00F6E203 /* mem.h */ = {isa = PBXFileReference; lastKnownFileType = sourcecode.c.h; path = mem.h; sourceTree = "<group>"; };
		06CE3ADA26EE171C00F6E203 /* parseutils.h */ = {isa = PBXFileReference; lastKnownFileType = sourcecode.c.h; path = parseutils.h; sourceTree = "<group>"; };
		06CE3ADB26EE171C00F6E203 /* arm */ = {isa = PBXFileReference; lastKnownFileType = folder; path = arm; sourceTree = "<group>"; };
		06CE3ADC26EE171C00F6E203 /* xtea.c */ = {isa = PBXFileReference; lastKnownFileType = sourcecode.c.c; path = xtea.c; sourceTree = "<group>"; };
		06CE3ADD26EE171C00F6E203 /* float_dsp.c */ = {isa = PBXFileReference; lastKnownFileType = sourcecode.c.c; path = float_dsp.c; sourceTree = "<group>"; };
		06CE3ADE26EE171C00F6E203 /* ripemd.h */ = {isa = PBXFileReference; lastKnownFileType = sourcecode.c.h; path = ripemd.h; sourceTree = "<group>"; };
		06CE3ADF26EE171C00F6E203 /* crc.c */ = {isa = PBXFileReference; lastKnownFileType = sourcecode.c.c; path = crc.c; sourceTree = "<group>"; };
		06CE3AE026EE171C00F6E203 /* hwcontext_vdpau.c */ = {isa = PBXFileReference; lastKnownFileType = sourcecode.c.c; path = hwcontext_vdpau.c; sourceTree = "<group>"; };
		06CE3AE126EE171C00F6E203 /* bprint.h */ = {isa = PBXFileReference; lastKnownFileType = sourcecode.c.h; path = bprint.h; sourceTree = "<group>"; };
		06CE3AE226EE171C00F6E203 /* hdr_dynamic_metadata.h */ = {isa = PBXFileReference; lastKnownFileType = sourcecode.c.h; path = hdr_dynamic_metadata.h; sourceTree = "<group>"; };
		06CE3AE326EE171C00F6E203 /* hwcontext_qsv.h */ = {isa = PBXFileReference; lastKnownFileType = sourcecode.c.h; path = hwcontext_qsv.h; sourceTree = "<group>"; };
		06CE3AE426EE171C00F6E203 /* pixfmt.h */ = {isa = PBXFileReference; lastKnownFileType = sourcecode.c.h; path = pixfmt.h; sourceTree = "<group>"; };
		06CE3AE526EE171C00F6E203 /* softfloat.h */ = {isa = PBXFileReference; lastKnownFileType = sourcecode.c.h; path = softfloat.h; sourceTree = "<group>"; };
		06CE3AE626EE171C00F6E203 /* libavutil.v */ = {isa = PBXFileReference; lastKnownFileType = text; path = libavutil.v; sourceTree = "<group>"; };
		06CE3AE726EE171C00F6E203 /* intmath.c */ = {isa = PBXFileReference; lastKnownFileType = sourcecode.c.c; path = intmath.c; sourceTree = "<group>"; };
		06CE3AE826EE171C00F6E203 /* hwcontext_vulkan.c */ = {isa = PBXFileReference; lastKnownFileType = sourcecode.c.c; path = hwcontext_vulkan.c; sourceTree = "<group>"; };
		06CE3AE926EE171C00F6E203 /* integer.h */ = {isa = PBXFileReference; lastKnownFileType = sourcecode.c.h; path = integer.h; sourceTree = "<group>"; };
		06CE3AEA26EE171C00F6E203 /* qsort.h */ = {isa = PBXFileReference; lastKnownFileType = sourcecode.c.h; path = qsort.h; sourceTree = "<group>"; };
		06CE3AEB26EE171C00F6E203 /* aes_ctr.h */ = {isa = PBXFileReference; lastKnownFileType = sourcecode.c.h; path = aes_ctr.h; sourceTree = "<group>"; };
		06CE3AEC26EE171C00F6E203 /* aarch64 */ = {isa = PBXFileReference; lastKnownFileType = folder; path = aarch64; sourceTree = "<group>"; };
		06CE3AED26EE171C00F6E203 /* tx_priv.h */ = {isa = PBXFileReference; lastKnownFileType = sourcecode.c.h; path = tx_priv.h; sourceTree = "<group>"; };
		06CE3AEE26EE171C00F6E203 /* sha512.c */ = {isa = PBXFileReference; lastKnownFileType = sourcecode.c.c; path = sha512.c; sourceTree = "<group>"; };
		06CE3AEF26EE171C00F6E203 /* tx.c */ = {isa = PBXFileReference; lastKnownFileType = sourcecode.c.c; path = tx.c; sourceTree = "<group>"; };
		06CE3AF026EE171C00F6E203 /* timestamp.h */ = {isa = PBXFileReference; lastKnownFileType = sourcecode.c.h; path = timestamp.h; sourceTree = "<group>"; };
		06CE3AF126EE171C00F6E203 /* bfin */ = {isa = PBXFileReference; lastKnownFileType = folder; path = bfin; sourceTree = "<group>"; };
		06CE3AF226EE171C00F6E203 /* dovi_meta.c */ = {isa = PBXFileReference; lastKnownFileType = sourcecode.c.c; path = dovi_meta.c; sourceTree = "<group>"; };
		06CE3AF326EE171C00F6E203 /* downmix_info.h */ = {isa = PBXFileReference; lastKnownFileType = sourcecode.c.h; path = downmix_info.h; sourceTree = "<group>"; };
		06CE3AF426EE171C00F6E203 /* avassert.h */ = {isa = PBXFileReference; lastKnownFileType = sourcecode.c.h; path = avassert.h; sourceTree = "<group>"; };
		06CE3AF526EE171C00F6E203 /* hash.h */ = {isa = PBXFileReference; lastKnownFileType = sourcecode.c.h; path = hash.h; sourceTree = "<group>"; };
		06CE3AF626EE171C00F6E203 /* wchar_filename.h */ = {isa = PBXFileReference; lastKnownFileType = sourcecode.c.h; path = wchar_filename.h; sourceTree = "<group>"; };
		06CE3AF726EE171C00F6E203 /* mathematics.h */ = {isa = PBXFileReference; lastKnownFileType = sourcecode.c.h; path = mathematics.h; sourceTree = "<group>"; };
		06CE3AF826EE171C00F6E203 /* aes_internal.h */ = {isa = PBXFileReference; lastKnownFileType = sourcecode.c.h; path = aes_internal.h; sourceTree = "<group>"; };
		06CE3AF926EE171C00F6E203 /* hwcontext_d3d11va.c */ = {isa = PBXFileReference; lastKnownFileType = sourcecode.c.c; path = hwcontext_d3d11va.c; sourceTree = "<group>"; };
		06CE3AFA26EE171C00F6E203 /* adler32.c */ = {isa = PBXFileReference; lastKnownFileType = sourcecode.c.c; path = adler32.c; sourceTree = "<group>"; };
		06CE3AFB26EE171C00F6E203 /* intreadwrite.h */ = {isa = PBXFileReference; lastKnownFileType = sourcecode.c.h; path = intreadwrite.h; sourceTree = "<group>"; };
		06CE3AFC26EE171C00F6E203 /* film_grain_params.h */ = {isa = PBXFileReference; lastKnownFileType = sourcecode.c.h; path = film_grain_params.h; sourceTree = "<group>"; };
		06CE3AFD26EE171C00F6E203 /* avstring.h */ = {isa = PBXFileReference; lastKnownFileType = sourcecode.c.h; path = avstring.h; sourceTree = "<group>"; };
		06CE3AFE26EE171C00F6E203 /* timecode.c */ = {isa = PBXFileReference; lastKnownFileType = sourcecode.c.c; path = timecode.c; sourceTree = "<group>"; };
		06CE3AFF26EE171C00F6E203 /* audio_fifo.c */ = {isa = PBXFileReference; lastKnownFileType = sourcecode.c.c; path = audio_fifo.c; sourceTree = "<group>"; };
		06CE3B0026EE171C00F6E203 /* hwcontext_opencl.c */ = {isa = PBXFileReference; lastKnownFileType = sourcecode.c.c; path = hwcontext_opencl.c; sourceTree = "<group>"; };
		06CE3B0126EE171C00F6E203 /* tx_float.c */ = {isa = PBXFileReference; lastKnownFileType = sourcecode.c.c; path = tx_float.c; sourceTree = "<group>"; };
		06CE3B0226EE171C00F6E203 /* threadmessage.c */ = {isa = PBXFileReference; lastKnownFileType = sourcecode.c.c; path = threadmessage.c; sourceTree = "<group>"; };
		06CE3B0326EE171C00F6E203 /* tree.c */ = {isa = PBXFileReference; lastKnownFileType = sourcecode.c.c; path = tree.c; sourceTree = "<group>"; };
/* End PBXFileReference section */

/* Begin PBXGroup section */
		06CE3A1D26EE171C00F6E203 = {
			isa = PBXGroup;
			children = (
				06CE3A2326EE171C00F6E203 /* reverse.h */,
				06CE3A2426EE171C00F6E203 /* hwcontext.h */,
				06CE3A2526EE171C00F6E203 /* time.h */,
				06CE3A2626EE171C00F6E203 /* dict.c */,
				06CE3A2726EE171C00F6E203 /* hwcontext_cuda.h */,
				06CE3A2826EE171C00F6E203 /* intfloat.h */,
				06CE3A2926EE171C00F6E203 /* aes.c */,
				06CE3A2A26EE171C00F6E203 /* mastering_display_metadata.c */,
				06CE3A2B26EE171C00F6E203 /* log.c */,
				06CE3A2C26EE171C00F6E203 /* opt.c */,
				06CE3A2D26EE171C00F6E203 /* error.h */,
				06CE3A2E26EE171C00F6E203 /* random_seed.c */,
				06CE3A2F26EE171C00F6E203 /* pixelutils.c */,
				06CE3A3026EE171C00F6E203 /* hwcontext_drm.c */,
				06CE3A3126EE171C00F6E203 /* avutilres.rc */,
				06CE3A3226EE171C00F6E203 /* eval.c */,
				06CE3A3326EE171C00F6E203 /* hmac.c */,
				06CE3A3426EE171C00F6E203 /* detection_bbox.h */,
				06CE3A3526EE171C00F6E203 /* color_utils.h */,
				06CE3A3626EE171C00F6E203 /* macos_kperf.h */,
				06CE3A3726EE171C00F6E203 /* fifo.h */,
				06CE3A3826EE171C00F6E203 /* hwcontext_dxva2.c */,
				06CE3A3926EE171C00F6E203 /* camellia.c */,
				06CE3A3A26EE171C00F6E203 /* blowfish.h */,
				06CE3A3B26EE171C00F6E203 /* hwcontext_mediacodec.h */,
				06CE3A3C26EE171C00F6E203 /* buffer.c */,
				06CE3A3D26EE171C00F6E203 /* display.c */,
				06CE3A3E26EE171C00F6E203 /* avr32 */,
				06CE3A3F26EE171C00F6E203 /* replaygain.h */,
				06CE3A4026EE171C00F6E203 /* internal.h */,
				06CE3A4126EE171C00F6E203 /* tablegen.h */,
				06CE3A4226EE171C00F6E203 /* fixed_dsp.h */,
				06CE3A4326EE171C00F6E203 /* file_open.c */,
				06CE3A4426EE171C00F6E203 /* sh4 */,
				06CE3A4526EE171C00F6E203 /* version.h */,
				06CE3A4626EE171C00F6E203 /* murmur3.h */,
				06CE3A4726EE171C00F6E203 /* imgutils.c */,
				06CE3A4826EE171C00F6E203 /* slicethread.h */,
				06CE3A4926EE171C00F6E203 /* stereo3d.h */,
				06CE3A4A26EE171C00F6E203 /* buffer_internal.h */,
				06CE3A4B26EE171C00F6E203 /* samplefmt.h */,
				06CE3A4C26EE171C00F6E203 /* twofish.c */,
				06CE3A4D26EE171C00F6E203 /* hwcontext_internal.h */,
				06CE3A4E26EE171C00F6E203 /* pixdesc.h */,
				06CE3A4F26EE171C00F6E203 /* xga_font_data.h */,
				06CE3A5026EE171C00F6E203 /* cpu.c */,
				06CE3A5126EE171C00F6E203 /* base64.h */,
				06CE3A5226EE171C00F6E203 /* tea.c */,
				06CE3A5326EE171C00F6E203 /* rational.h */,
				06CE3A5426EE171C00F6E203 /* sha.h */,
				06CE3A5526EE171C00F6E203 /* rc4.c */,
				06CE3A5626EE171C00F6E203 /* motion_vector.h */,
				06CE3A5726EE171C00F6E203 /* encryption_info.c */,
				06CE3A5826EE171C00F6E203 /* channel_layout.c */,
				06CE3A5926EE171C00F6E203 /* des.c */,
				06CE3A5A26EE171C00F6E203 /* lzo.c */,
				06CE3A5B26EE171C00F6E203 /* lfg.h */,
				06CE3A5C26EE171C00F6E203 /* avutil.h */,
				06CE3A5D26EE171C00F6E203 /* hwcontext_qsv.c */,
				06CE3A5E26EE171C00F6E203 /* hwcontext_vulkan.h */,
				06CE3A5F26EE171C00F6E203 /* intmath.h */,
				06CE3A6026EE171C00F6E203 /* tx_template.c */,
				06CE3A6126EE171C00F6E203 /* Makefile */,
				06CE3A6226EE171C00F6E203 /* xtea.h */,
				06CE3A6326EE171C00F6E203 /* parseutils.c */,
				06CE3A6426EE171C00F6E203 /* mem.c */,
				06CE3A6526EE171C00F6E203 /* hwcontext_cuda_internal.h */,
				06CE3A6626EE171C00F6E203 /* log2_tab.c */,
				06CE3A6726EE171C00F6E203 /* hdr_dynamic_metadata.c */,
				06CE3A6826EE171C00F6E203 /* bprint.c */,
				06CE3A6926EE171C00F6E203 /* crc.h */,
				06CE3A6A26EE171C00F6E203 /* hwcontext_vdpau.h */,
				06CE3A6B26EE171C00F6E203 /* ripemd.c */,
				06CE3A6C26EE171C00F6E203 /* float_dsp.h */,
				06CE3A6D26EE171C00F6E203 /* frame.h */,
				06CE3A6E26EE171C00F6E203 /* tx_int32.c */,
				06CE3A6F26EE171C00F6E203 /* file.h */,
				06CE3A7026EE171C00F6E203 /* md5.h */,
				06CE3A7126EE171C00F6E203 /* ppc */,
				06CE3A7226EE171C00F6E203 /* video_enc_params.c */,
				06CE3A7326EE171C00F6E203 /* hwcontext_videotoolbox.c */,
				06CE3A7426EE171C00F6E203 /* cast5.h */,
				06CE3A7526EE171C00F6E203 /* pca.h */,
				06CE3A7626EE171C00F6E203 /* hwcontext_vaapi.h */,
				06CE3A7726EE171C00F6E203 /* spherical.h */,
				06CE3A7826EE171C00F6E203 /* lls.c */,
				06CE3A7926EE171C00F6E203 /* tests */,
				06CE3A7A26EE171C00F6E203 /* hwcontext_opencl.h */,
				06CE3A7B26EE171C00F6E203 /* audio_fifo.h */,
				06CE3A7C26EE171C00F6E203 /* tx_double.c */,
				06CE3A7D26EE171C00F6E203 /* tree.h */,
				06CE3A7E26EE171C00F6E203 /* softfloat_ieee754.h */,
				06CE3A7F26EE171C00F6E203 /* threadmessage.h */,
				06CE3A8026EE171C00F6E203 /* film_grain_params.c */,
				06CE3A8126EE171C00F6E203 /* attributes.h */,
				06CE3A8226EE171C00F6E203 /* avstring.c */,
				06CE3A8326EE171C00F6E203 /* adler32.h */,
				06CE3A8426EE171C00F6E203 /* cuda_check.h */,
				06CE3A8526EE171C00F6E203 /* hwcontext_d3d11va.h */,
				06CE3A8626EE171C00F6E203 /* timecode.h */,
				06CE3A8726EE171C00F6E203 /* dovi_meta.h */,
				06CE3A8826EE171C00F6E203 /* mathematics.c */,
				06CE3A8926EE171C00F6E203 /* hash.c */,
				06CE3A8A26EE171C00F6E203 /* downmix_info.c */,
				06CE3A8B26EE171C00F6E203 /* aes_ctr.c */,
				06CE3A8C26EE171C00F6E203 /* softfloat_tables.h */,
				06CE3A8D26EE171C00F6E203 /* integer.c */,
				06CE3A8E26EE171C00F6E203 /* tx.h */,
				06CE3A8F26EE171C00F6E203 /* ffmath.h */,
				06CE3A9026EE171C00F6E203 /* sha512.h */,
				06CE3A9126EE171C00F6E203 /* avsscanf.c */,
				06CE3A9226EE171C00F6E203 /* fixed_dsp.c */,
				06CE3A9326EE171C00F6E203 /* timer.h */,
				06CE3A9426EE171C00F6E203 /* hwcontext_dxva2.h */,
				06CE3A9526EE171C00F6E203 /* mips */,
				06CE3A9626EE171C00F6E203 /* fifo.c */,
				06CE3A9726EE171C00F6E203 /* time_internal.h */,
				06CE3A9826EE171C00F6E203 /* macos_kperf.c */,
				06CE3A9926EE171C00F6E203 /* color_utils.c */,
				06CE3A9A26EE171C00F6E203 /* tomi */,
				06CE3A9B26EE171C00F6E203 /* display.h */,
				06CE3A9C26EE171C00F6E203 /* buffer.h */,
				06CE3A9D26EE171C00F6E203 /* hwcontext_mediacodec.c */,
				06CE3A9E26EE171C00F6E203 /* blowfish.c */,
				06CE3A9F26EE171C00F6E203 /* camellia.h */,
				06CE3AA026EE171C00F6E203 /* thread.h */,
				06CE3AA126EE171C00F6E203 /* pixelutils.h */,
				06CE3AA226EE171C00F6E203 /* hwcontext_drm.h */,
				06CE3AA326EE171C00F6E203 /* utils.c */,
				06CE3AA426EE171C00F6E203 /* detection_bbox.c */,
				06CE3AA526EE171C00F6E203 /* common.h */,
				06CE3AA626EE171C00F6E203 /* hmac.h */,
				06CE3AA726EE171C00F6E203 /* eval.h */,
				06CE3AA826EE171C00F6E203 /* hwcontext_cuda.c */,
				06CE3AA926EE171C00F6E203 /* dict.h */,
				06CE3AAA26EE171C00F6E203 /* time.c */,
				06CE3AAB26EE171C00F6E203 /* hwcontext.c */,
				06CE3AAC26EE171C00F6E203 /* reverse.c */,
				06CE3AAD26EE171C00F6E203 /* random_seed.h */,
				06CE3AAE26EE171C00F6E203 /* error.c */,
				06CE3AAF26EE171C00F6E203 /* opt.h */,
				06CE3AB026EE171C00F6E203 /* mastering_display_metadata.h */,
				06CE3AB126EE171C00F6E203 /* log.h */,
				06CE3AB226EE171C00F6E203 /* aes.h */,
				06CE3AB326EE171C00F6E203 /* macros.h */,
				06CE3AB426EE171C00F6E203 /* bswap.h */,
				06CE3AB526EE171C00F6E203 /* lfg.c */,
				06CE3AB626EE171C00F6E203 /* x86 */,
				06CE3AB726EE171C00F6E203 /* rc4.h */,
				06CE3AB826EE171C00F6E203 /* sha.c */,
				06CE3AB926EE171C00F6E203 /* rational.c */,
				06CE3ABA26EE171C00F6E203 /* tea.h */,
				06CE3ABB26EE171C00F6E203 /* dynarray.h */,
				06CE3ABC26EE171C00F6E203 /* cpu.h */,
				06CE3ABD26EE171C00F6E203 /* base64.c */,
				06CE3ABE26EE171C00F6E203 /* lzo.h */,
				06CE3ABF26EE171C00F6E203 /* des.h */,
				06CE3AC026EE171C00F6E203 /* channel_layout.h */,
				06CE3AC126EE171C00F6E203 /* encryption_info.h */,
				06CE3AC226EE171C00F6E203 /* twofish.h */,
				06CE3AC326EE171C00F6E203 /* mem_internal.h */,
				06CE3AC426EE171C00F6E203 /* samplefmt.c */,
				06CE3AC526EE171C00F6E203 /* imgutils_internal.h */,
				06CE3AC626EE171C00F6E203 /* xga_font_data.c */,
				06CE3AC726EE171C00F6E203 /* pixdesc.c */,
				06CE3AC826EE171C00F6E203 /* cpu_internal.h */,
				06CE3AC926EE171C00F6E203 /* murmur3.c */,
				06CE3ACA26EE171C00F6E203 /* stereo3d.c */,
				06CE3ACB26EE171C00F6E203 /* imgutils.h */,
				06CE3ACC26EE171C00F6E203 /* slicethread.c */,
				06CE3ACD26EE171C00F6E203 /* colorspace.h */,
				06CE3ACE26EE171C00F6E203 /* spherical.c */,
				06CE3ACF26EE171C00F6E203 /* lls.h */,
				06CE3AD026EE171C00F6E203 /* md5.c */,
				06CE3AD126EE171C00F6E203 /* file.c */,
				06CE3AD226EE171C00F6E203 /* frame.c */,
				06CE3AD326EE171C00F6E203 /* hwcontext_vaapi.c */,
				06CE3AD426EE171C00F6E203 /* pca.c */,
				06CE3AD526EE171C00F6E203 /* cast5.c */,
				06CE3AD626EE171C00F6E203 /* hwcontext_videotoolbox.h */,
				06CE3AD726EE171C00F6E203 /* video_enc_params.h */,
				06CE3AD826EE171C00F6E203 /* libm.h */,
				06CE3AD926EE171C00F6E203 /* mem.h */,
				06CE3ADA26EE171C00F6E203 /* parseutils.h */,
				06CE3ADB26EE171C00F6E203 /* arm */,
				06CE3ADC26EE171C00F6E203 /* xtea.c */,
				06CE3ADD26EE171C00F6E203 /* float_dsp.c */,
				06CE3ADE26EE171C00F6E203 /* ripemd.h */,
				06CE3ADF26EE171C00F6E203 /* crc.c */,
				06CE3AE026EE171C00F6E203 /* hwcontext_vdpau.c */,
				06CE3AE126EE171C00F6E203 /* bprint.h */,
				06CE3AE226EE171C00F6E203 /* hdr_dynamic_metadata.h */,
				06CE3AE326EE171C00F6E203 /* hwcontext_qsv.h */,
				06CE3AE426EE171C00F6E203 /* pixfmt.h */,
				06CE3AE526EE171C00F6E203 /* softfloat.h */,
				06CE3AE626EE171C00F6E203 /* libavutil.v */,
				06CE3AE726EE171C00F6E203 /* intmath.c */,
				06CE3AE826EE171C00F6E203 /* hwcontext_vulkan.c */,
				06CE3AE926EE171C00F6E203 /* integer.h */,
				06CE3AEA26EE171C00F6E203 /* qsort.h */,
				06CE3AEB26EE171C00F6E203 /* aes_ctr.h */,
				06CE3AEC26EE171C00F6E203 /* aarch64 */,
				06CE3AED26EE171C00F6E203 /* tx_priv.h */,
				06CE3AEE26EE171C00F6E203 /* sha512.c */,
				06CE3AEF26EE171C00F6E203 /* tx.c */,
				06CE3AF026EE171C00F6E203 /* timestamp.h */,
				06CE3AF126EE171C00F6E203 /* bfin */,
				06CE3AF226EE171C00F6E203 /* dovi_meta.c */,
				06CE3AF326EE171C00F6E203 /* downmix_info.h */,
				06CE3AF426EE171C00F6E203 /* avassert.h */,
				06CE3AF526EE171C00F6E203 /* hash.h */,
				06CE3AF626EE171C00F6E203 /* wchar_filename.h */,
				06CE3AF726EE171C00F6E203 /* mathematics.h */,
				06CE3AF826EE171C00F6E203 /* aes_internal.h */,
				06CE3AF926EE171C00F6E203 /* hwcontext_d3d11va.c */,
				06CE3AFA26EE171C00F6E203 /* adler32.c */,
				06CE3AFB26EE171C00F6E203 /* intreadwrite.h */,
				06CE3AFC26EE171C00F6E203 /* film_grain_params.h */,
				06CE3AFD26EE171C00F6E203 /* avstring.h */,
				06CE3AFE26EE171C00F6E203 /* timecode.c */,
				06CE3AFF26EE171C00F6E203 /* audio_fifo.c */,
				06CE3B0026EE171C00F6E203 /* hwcontext_opencl.c */,
				06CE3B0126EE171C00F6E203 /* tx_float.c */,
				06CE3B0226EE171C00F6E203 /* threadmessage.c */,
				06CE3B0326EE171C00F6E203 /* tree.c */,
			);
			sourceTree = "<group>";
		};
/* End PBXGroup section */

/* Begin PBXLegacyTarget section */
		06CE3A2226EE171C00F6E203 /* libavutil */ = {
			isa = PBXLegacyTarget;
			buildArgumentsString = "$(ACTION)";
			buildConfigurationList = 06CE3B0426EE171C00F6E203 /* Build configuration list for PBXLegacyTarget "libavutil" */;
			buildPhases = (
			);
			buildToolPath = /usr/bin/make;
			buildWorkingDirectory = "/Users/justinlau/audio-video-dev-tutorial/ffmpeg/libavutil";
			dependencies = (
			);
			name = libavutil;
			passBuildSettingsInEnvironment = 1;
			productName = libavutil;
		};
/* End PBXLegacyTarget section */

/* Begin PBXProject section */
		06CE3A1E26EE171C00F6E203 /* Project object */ = {
			isa = PBXProject;
			attributes = {
			};
			buildConfigurationList = 06CE3A2126EE171C00F6E203 /* Build configuration list for PBXProject "libavutil" */;
			compatibilityVersion = "Xcode 9.3";
			developmentRegion = en;
			hasScannedForEncodings = 0;
			knownRegions = (
				en,
				Base,
			);
			mainGroup = 06CE3A1D26EE171C00F6E203;
			projectDirPath = "";
			projectRoot = "";
			targets = (
				06CE3A2226EE171C00F6E203 /* libavutil */,
			);
		};
/* End PBXProject section */

/* Begin XCBuildConfiguration section */
		06CE3A1F26EE171C00F6E203 /* Debug */ = {
			isa = XCBuildConfiguration;
			buildSettings = {
				ARCHS = "$(ARCHS_STANDARD_32_BIT)";
				COPY_PHASE_STRIP = NO;
				GCC_WARN_ABOUT_RETURN_TYPE = YES;
				GCC_WARN_UNUSED_VARIABLE = YES;
				ONLY_ACTIVE_ARCH = YES;
				SDKROOT = macosx10.6;
			};
			name = Debug;
		};
		06CE3A2026EE171C00F6E203 /* Release */ = {
			isa = XCBuildConfiguration;
			buildSettings = {
				ARCHS = "$(ARCHS_STANDARD_32_BIT)";
				COPY_PHASE_STRIP = YES;
				GCC_WARN_ABOUT_RETURN_TYPE = YES;
				GCC_WARN_UNUSED_VARIABLE = YES;
				SDKROOT = macosx10.6;
			};
			name = Release;
		};
		06CE3B0526EE171C00F6E203 /* Debug */ = {
			isa = XCBuildConfiguration;
			buildSettings = {
				COPY_PHASE_STRIP = NO;
				DEBUGGING_SYMBOLS = YES;
				GCC_DYNAMIC_NO_PIC = NO;
				GCC_ENABLE_FIX_AND_CONTINUE = YES;
				GCC_GENERATE_DEBUGGING_SYMBOLS = YES;
				GCC_OPTIMIZATION_LEVEL = 0;
				OTHER_CFLAGS = "";
				OTHER_LDFLAGS = "";
				PRODUCT_NAME = libavutil;
			};
			name = Debug;
		};
		06CE3B0626EE171C00F6E203 /* Release */ = {
			isa = XCBuildConfiguration;
			buildSettings = {
				COPY_PHASE_STRIP = YES;
				DEBUG_INFORMATION_FORMAT = "dwarf-with-dsym";
				GCC_ENABLE_FIX_AND_CONTINUE = NO;
				OTHER_CFLAGS = "";
				OTHER_LDFLAGS = "";
				PRODUCT_NAME = libavutil;
			};
			name = Release;
		};
/* End XCBuildConfiguration section */

/* Begin XCConfigurationList section */
		06CE3A2126EE171C00F6E203 /* Build configuration list for PBXProject "libavutil" */ = {
			isa = XCConfigurationList;
			buildConfigurations = (
				06CE3A1F26EE171C00F6E203 /* Debug */,
				06CE3A2026EE171C00F6E203 /* Release */,
			);
			defaultConfigurationIsVisible = 0;
			defaultConfigurationName = Release;
		};
		06CE3B0426EE171C00F6E203 /* Build configuration list for PBXLegacyTarget "libavutil" */ = {
			isa = XCConfigurationList;
			buildConfigurations = (
				06CE3B0526EE171C00F6E203 /* Debug */,
				06CE3B0626EE171C00F6E203 /* Release */,
			);
			defaultConfigurationIsVisible = 0;
			defaultConfigurationName = Release;
		};
/* End XCConfigurationList section */
	};
	rootObject = 06CE3A1E26EE171C00F6E203 /* Project object */;
}
